
Microsoft Visual Studio Solution File, Format Version 12.00
# Visual Studio Version 16
VisualStudioVersion = 16.0.31515.178
MinimumVisualStudioVersion = 10.0.40219.1
Project("{FAE04EC0-301F-11D3-BF4B-00C04F79EFBC}") = "CursoPildorasInformaticas", "CursoPildorasInformaticas\CursoPildorasInformaticas.csproj", "{C8AD40F5-158B-43AF-8AC8-D218AF56191E}"
EndProject
Global
	GlobalSection(SolutionConfigurationPlatforms) = preSolution
		Debug|Any CPU = Debug|Any CPU
		Release|Any CPU = Release|Any CPU
	EndGlobalSection
	GlobalSection(ProjectConfigurationPlatforms) = postSolution
		{C8AD40F5-158B-43AF-8AC8-D218AF56191E}.Debug|Any CPU.ActiveCfg = Debug|Any CPU
		{C8AD40F5-158B-43AF-8AC8-D218AF56191E}.Debug|Any CPU.Build.0 = Debug|Any CPU
		{C8AD40F5-158B-43AF-8AC8-D218AF56191E}.Release|Any CPU.ActiveCfg = Release|Any CPU
		{C8AD40F5-158B-43AF-8AC8-D218AF56191E}.Release|Any CPU.Build.0 = Release|Any CPU
	EndGlobalSection
	GlobalSection(SolutionProperties) = preSolution
		HideSolutionNode = FALSE
	EndGlobalSection
	GlobalSection(ExtensibilityGlobals) = postSolution
		SolutionGuid = {B263A160-8771-48B7-9673-D7663BB6973A}
	EndGlobalSection
EndGlobal
